{
  "name": "tech-board",
  "version": "1.0.0",
  "lockfileVersion": 1,
  "requires": true,
  "dependencies": {
    "@vue/server-test-utils": {
      "version": "1.0.0-beta.15",
      "resolved": "https://registry.npmjs.org/@vue/server-test-utils/-/server-test-utils-1.0.0-beta.15.tgz",
      "integrity": "sha512-NAi8cbLtDIo62XMD4Xn8DeR2+USGMsGucM2rJ/F1cIVvcVT6Hh3ISRu0ETKHraAXh/OU8NpT774/1/cur+yF+g==",
      "dev": true,
      "requires": {
        "@vue/test-utils": "1.0.0-beta.14"
      },
      "dependencies": {
        "@vue/test-utils": {
          "version": "1.0.0-beta.14",
          "resolved": "https://registry.npmjs.org/@vue/test-utils/-/test-utils-1.0.0-beta.14.tgz",
          "integrity": "sha512-2bSFW6pJdvzSY1emNb5FAIgSJIGGMgRaK2+AwzUJCxfoSSl0oSjIk/XrZVcMgWVFc09UIDWvx0HKfbabIf4syA==",
          "dev": true,
          "requires": {
            "lodash": "4.17.10"
          }
        }
      }
    },
    "@vue/test-utils": {
      "version": "1.0.0-beta.15",
      "resolved": "https://registry.npmjs.org/@vue/test-utils/-/test-utils-1.0.0-beta.15.tgz",
      "integrity": "sha512-Oev99e+LorKARoFFt/+T5RegOLyO+fHLXBr0XvpaDOukxzJEWaerYtuFpoZ4DFIF9qPdCJZN0luBm4mRtj0nnQ==",
      "dev": true,
      "requires": {
        "lodash": "4.17.10"
      }
    },
    "de-indent": {
      "version": "1.0.2",
      "resolved": "https://registry.npmjs.org/de-indent/-/de-indent-1.0.2.tgz",
      "integrity": "sha1-sgOOhG3DO6pXlhKNCAS0VbjB4h0=",
      "dev": true
    },
    "he": {
      "version": "1.1.1",
      "resolved": "https://registry.npmjs.org/he/-/he-1.1.1.tgz",
      "integrity": "sha1-k0EP0hsAlzUVH4howvJx80J+I/0=",
      "dev": true
    },
    "jest-mock-axios": {
      "version": "2.1.11",
      "resolved": "https://registry.npmjs.org/jest-mock-axios/-/jest-mock-axios-2.1.11.tgz",
      "integrity": "sha512-rxF13chmHuelAh/rysNQEY4YqmOO94XmBO5Mk2+edFh2dOwe3j/XIRSnY8+m61t1658AU6nGoTh1s7tCgvridg==",
      "dev": true,
      "requires": {
        "jest-mock-promise": "1.0.23"
      }
    },
    "jest-mock-promise": {
      "version": "1.0.23",
      "resolved": "https://registry.npmjs.org/jest-mock-promise/-/jest-mock-promise-1.0.23.tgz",
      "integrity": "sha1-ySH9a1EqxUYJftvPR389QWllfkA=",
      "dev": true
    },
    "lodash": {
      "version": "4.17.10",
      "resolved": "https://registry.npmjs.org/lodash/-/lodash-4.17.10.tgz",
      "integrity": "sha512-UejweD1pDoXu+AD825lWwp4ZGtSwgnpZxb3JDViD7StjQz+Nb/6l093lx4OQ0foGWNRoc19mWy7BzL+UAK2iVg==",
      "dev": true
    },
    "vue-template-compiler": {
      "version": "2.5.16",
      "resolved": "https://registry.npmjs.org/vue-template-compiler/-/vue-template-compiler-2.5.16.tgz",
      "integrity": "sha512-ZbuhCcF/hTYmldoUOVcu2fcbeSAZnfzwDskGduOrnjBiIWHgELAd+R8nAtX80aZkceWDKGQ6N9/0/EUpt+l22A==",
      "dev": true,
      "requires": {
        "de-indent": "1.0.2",
        "he": "1.1.1"
      }
    }
  }
}
